
Microsoft Visual Studio Solution File, Format Version 12.00
# Visual Studio Version 17
VisualStudioVersion = 17.5.002.0
MinimumVisualStudioVersion = 10.0.40219.1
Project("{9A19103F-16F7-4668-BE54-9A1E7A4F7556}") = "EFRelations", "EFRelations.csproj", "{FE60C69E-F99C-4096-BCFF-185D516D67DE}"
EndProject
Global
	GlobalSection(SolutionConfigurationPlatforms) = preSolution
		Debug|Any CPU = Debug|Any CPU
		Release|Any CPU = Release|Any CPU
	EndGlobalSection
	GlobalSection(ProjectConfigurationPlatforms) = postSolution
		{FE60C69E-F99C-4096-BCFF-185D516D67DE}.Debug|Any CPU.ActiveCfg = Debug|Any CPU
		{FE60C69E-F99C-4096-BCFF-185D516D67DE}.Debug|Any CPU.Build.0 = Debug|Any CPU
		{FE60C69E-F99C-4096-BCFF-185D516D67DE}.Release|Any CPU.ActiveCfg = Release|Any CPU
		{FE60C69E-F99C-4096-BCFF-185D516D67DE}.Release|Any CPU.Build.0 = Release|Any CPU
	EndGlobalSection
	GlobalSection(SolutionProperties) = preSolution
		HideSolutionNode = FALSE
	EndGlobalSection
	GlobalSection(ExtensibilityGlobals) = postSolution
		SolutionGuid = {9785A02F-E6E2-4344-A914-4F7F635939F9}
	EndGlobalSection
EndGlobal
